
Microsoft Visual Studio Solution File, Format Version 12.00
# Visual Studio Version 16
VisualStudioVersion = 16.0.30104.148
MinimumVisualStudioVersion = 10.0.40219.1
Project("{9A19103F-16F7-4668-BE54-9A1E7A4F7556}") = "Fitness.BL", "Fitness.BL\Fitness.BL.csproj", "{59C498E5-50DD-4A28-999F-153711C792BC}"
EndProject
Project("{9A19103F-16F7-4668-BE54-9A1E7A4F7556}") = "Fitness.WPF", "Fitness.WPF\Fitness.WPF.csproj", "{DFDAE170-FA7D-495A-8F4E-A4C6D943A757}"
EndProject
Project("{9A19103F-16F7-4668-BE54-9A1E7A4F7556}") = "Fitness.CMD", "Fitness.CMD\Fitness.CMD.csproj", "{7CECC3C0-46BD-4F74-8E18-7A80CCF53933}"
EndProject
Project("{FAE04EC0-301F-11D3-BF4B-00C04F79EFBC}") = "Fitness.BLTests", "Fitness.BLTests\Fitness.BLTests.csproj", "{0C277095-3E43-4A8F-B181-45D7D31DA9AA}"
EndProject
Global
	GlobalSection(SolutionConfigurationPlatforms) = preSolution
		Debug|Any CPU = Debug|Any CPU
		Release|Any CPU = Release|Any CPU
	EndGlobalSection
	GlobalSection(ProjectConfigurationPlatforms) = postSolution
		{59C498E5-50DD-4A28-999F-153711C792BC}.Debug|Any CPU.ActiveCfg = Debug|Any CPU
		{59C498E5-50DD-4A28-999F-153711C792BC}.Debug|Any CPU.Build.0 = Debug|Any CPU
		{59C498E5-50DD-4A28-999F-153711C792BC}.Release|Any CPU.ActiveCfg = Release|Any CPU
		{59C498E5-50DD-4A28-999F-153711C792BC}.Release|Any CPU.Build.0 = Release|Any CPU
		{DFDAE170-FA7D-495A-8F4E-A4C6D943A757}.Debug|Any CPU.ActiveCfg = Debug|Any CPU
		{DFDAE170-FA7D-495A-8F4E-A4C6D943A757}.Debug|Any CPU.Build.0 = Debug|Any CPU
		{DFDAE170-FA7D-495A-8F4E-A4C6D943A757}.Release|Any CPU.ActiveCfg = Release|Any CPU
		{DFDAE170-FA7D-495A-8F4E-A4C6D943A757}.Release|Any CPU.Build.0 = Release|Any CPU
		{7CECC3C0-46BD-4F74-8E18-7A80CCF53933}.Debug|Any CPU.ActiveCfg = Debug|Any CPU
		{7CECC3C0-46BD-4F74-8E18-7A80CCF53933}.Debug|Any CPU.Build.0 = Debug|Any CPU
		{7CECC3C0-46BD-4F74-8E18-7A80CCF53933}.Release|Any CPU.ActiveCfg = Release|Any CPU
		{7CECC3C0-46BD-4F74-8E18-7A80CCF53933}.Release|Any CPU.Build.0 = Release|Any CPU
		{0C277095-3E43-4A8F-B181-45D7D31DA9AA}.Debug|Any CPU.ActiveCfg = Debug|Any CPU
		{0C277095-3E43-4A8F-B181-45D7D31DA9AA}.Debug|Any CPU.Build.0 = Debug|Any CPU
		{0C277095-3E43-4A8F-B181-45D7D31DA9AA}.Release|Any CPU.ActiveCfg = Release|Any CPU
		{0C277095-3E43-4A8F-B181-45D7D31DA9AA}.Release|Any CPU.Build.0 = Release|Any CPU
	EndGlobalSection
	GlobalSection(SolutionProperties) = preSolution
		HideSolutionNode = FALSE
	EndGlobalSection
	GlobalSection(ExtensibilityGlobals) = postSolution
		SolutionGuid = {993C67E2-6CF2-4350-AB3F-9899EB887A4F}
	EndGlobalSection
EndGlobal
